
Microsoft Visual Studio Solution File, Format Version 12.00
# Visual Studio Version 17
VisualStudioVersion = 17.3.32819.101
MinimumVisualStudioVersion = 10.0.40219.1
Project("{888888A0-9F3D-457C-B088-3A5042F75D52}") = "MarkerDetection", "MarkerDetection\MarkerDetection.pyproj", "{4572BE69-4648-4EE7-ABA4-976211390E6F}"
EndProject
Global
	GlobalSection(SolutionConfigurationPlatforms) = preSolution
		Debug|Any CPU = Debug|Any CPU
		Release|Any CPU = Release|Any CPU
	EndGlobalSection
	GlobalSection(ProjectConfigurationPlatforms) = postSolution
		{4572BE69-4648-4EE7-ABA4-976211390E6F}.Debug|Any CPU.ActiveCfg = Debug|Any CPU
		{4572BE69-4648-4EE7-ABA4-976211390E6F}.Release|Any CPU.ActiveCfg = Release|Any CPU
	EndGlobalSection
	GlobalSection(SolutionProperties) = preSolution
		HideSolutionNode = FALSE
	EndGlobalSection
	GlobalSection(ExtensibilityGlobals) = postSolution
		SolutionGuid = {5A05F9A6-728D-4972-8831-570C02276E93}
	EndGlobalSection
EndGlobal
